
Microsoft Visual Studio Solution File, Format Version 12.00
# Visual Studio Version 16
VisualStudioVersion = 16.0.31321.278
MinimumVisualStudioVersion = 10.0.40219.1
Project("{9A19103F-16F7-4668-BE54-9A1E7A4F7556}") = "home_journal", "home_journal.csproj", "{8AFC47C8-41F7-4364-B80F-59F982559FF3}"
EndProject
Global
	GlobalSection(SolutionConfigurationPlatforms) = preSolution
		Debug|Any CPU = Debug|Any CPU
		Release|Any CPU = Release|Any CPU
	EndGlobalSection
	GlobalSection(ProjectConfigurationPlatforms) = postSolution
		{8AFC47C8-41F7-4364-B80F-59F982559FF3}.Debug|Any CPU.ActiveCfg = Debug|Any CPU
		{8AFC47C8-41F7-4364-B80F-59F982559FF3}.Debug|Any CPU.Build.0 = Debug|Any CPU
		{8AFC47C8-41F7-4364-B80F-59F982559FF3}.Release|Any CPU.ActiveCfg = Release|Any CPU
		{8AFC47C8-41F7-4364-B80F-59F982559FF3}.Release|Any CPU.Build.0 = Release|Any CPU
	EndGlobalSection
	GlobalSection(SolutionProperties) = preSolution
		HideSolutionNode = FALSE
	EndGlobalSection
	GlobalSection(ExtensibilityGlobals) = postSolution
		SolutionGuid = {3BD33A39-2F9F-454A-B04D-BC20EF4A9667}
	EndGlobalSection
EndGlobal
